# This file is autogenerated, do not edit; changes may be undone by the next 'dep ensure'.


[[projects]]
  digest = "1:04457f9f6f3ffc5fea48e71d62f2ca256637dee0a04d710288e27e05c8b41976"
  name = "github.com/Sirupsen/logrus"
  packages = ["."]
  pruneopts = "UT"
  revision = "839c75faf7f98a33d445d181f3018b5c3409a45e"
  version = "v1.4.2"

[[projects]]
  branch = "master"
  digest = "1:0fa56faf93f0adc7d981551654a0b65ae68cdb0879e6b0c99858aee7100d87df"
  name = "github.com/dimiro1/banner"
  packages = [
    ".",
    "autoload",
  ]
  pruneopts = "UT"
  revision = "c2f858997d49ffd03f84818bef3c25c2fcc67e16"

[[projects]]
  digest = "1:31e761d97c76151dde79e9d28964a812c46efc5baee4085b86f68f0c654450de"
  name = "github.com/konsorten/go-windows-terminal-sequences"
  packages = ["."]
  pruneopts = "UT"
  revision = "f55edac94c9bbba5d6182a4be46d86a2c9b5b50e"
  version = "v1.0.2"

[[projects]]
  digest = "1:e1e29f200afc15a8c28ebb971e537d5f38c036df0fc4cba32ddd309f6cc7c347"
  name = "github.com/mattn/go-colorable"
  packages = ["."]
  pruneopts = "UT"
  revision = "9cbef7c35391cca05f15f8181dc0b18bc9736dbb"

[[projects]]
  digest = "1:abab8af2b6f41d6bcd8abf752b22aa0d4b40a9b0aa3f01186a695cf9a67d1fad"
  name = "github.com/mattn/go-isatty"
  packages = ["."]
  pruneopts = "UT"
  revision = "56b76bdf51f7708750eac80fa38b952bb9f32639"

[[projects]]
  branch = "master"
  digest = "1:fdfd985fe7956d77128572032636b5c1b7b58a81acd7089e96923e2f9539c573"
  name = "golang.org/x/sys"
  packages = ["unix"]
  pruneopts = "UT"
  revision = "51ab0e2deafac1f46c46ad59cf0921be2f180c3d"

[solve-meta]
  analyzer-name = "dep"
  analyzer-version = 1
  input-imports = [
    "github.com/Sirupsen/logrus",
    "github.com/dimiro1/banner",
    "github.com/dimiro1/banner/autoload",
    "github.com/mattn/go-colorable",
  ]
  solver-name = "gps-cdcl"
  solver-version = 1
